github.com/PuerkitoBio/goquery v1.7.1 h1:oE+T06D+1T7LNrn91B4aERsRIeCLJ/oPSa6xB9FPnz4=
github.com/PuerkitoBio/goquery v1.7.1/go.mod h1:XY0pP4kfraEmmV1O7Uf6XyjoslwsneBbgeDjLYuN8xY=
github.com/andybalholm/cascadia v1.2.0 h1:vuRCkM5Ozh/BfmsaTm26kbjm0mIOM3yS5Ek/F5h18aE=
github.com/andybalholm/cascadia v1.2.0/go.mod h1:YCyR8vOZT9aZ1CHEd8ap0gMVm2aFgxBp0T0eFw1RUQY=
github.com/pelletier/go-toml v1.9.3 h1:zeC5b1GviRUyKYd6OJPvBU/mcVDVoL1OhT17FCt5dSQ=
github.com/pelletier/go-toml v1.9.3/go.mod h1:u1nR/EPcESfeI/szUZKdtJ0xRNbUoANCkoOuaOx1Y+c=
github.com/posipaka-trade/binance-api-go v0.0.0-20210815204910-0346228a26dd h1:BOFwaEjSW+VhuBfNvSnpT1Bvo8nSlHuGmqS5iUsmeDM=
github.com/posipaka-trade/binance-api-go v0.0.0-20210815204910-0346228a26dd/go.mod h1:iJOBWsVXBTN0RlJJAp8YKC5vfJ/Hyzlc5dxTfmjFN7M=
github.com/posipaka-trade/gate-api-go v0.0.0-20210814144953-730e1310294d h1:wFx7Dl3ofnkN8lJUi2OdgxyNmLqSiMXLkAHKeIsvIr0=
github.com/posipaka-trade/gate-api-go v0.0.0-20210814144953-730e1310294d/go.mod h1:x5k6xceuYIWBYwGsF20+4YGcknwscnwskcwwnh3Bg0Q=
github.com/posipaka-trade/posipaka-trade-cmn v0.0.0-20210814143648-68a5e6ae3b95 h1:fVg041omfXbCtuF0GPE5r+6XbmGonVv3wKjTLfeSqHg=
github.com/posipaka-trade/posipaka-trade-cmn v0.0.0-20210814143648-68a5e6ae3b95/go.mod h1:MtyBzOkj2aI7S3EX+8RGGYDDxtrtyFPETA6uOqwZFFM=
golang.org/x/net v0.0.0-20180218175443-cbe0f9307d01/go.mod h1:mL1N/T3taQHkDXs73rZJwtUhF3w3ftmwwsq0BUmARs4=
golang.org/x/net v0.0.0-20210614182718-04defd469f4e h1:XpT3nA5TvE525Ne3hInMh6+GETgn27Zfm9dxsThnX2Q=
golang.org/x/net v0.0.0-20210614182718-04defd469f4e/go.mod h1:9nx3DQGgdP8bBQD5qxJ1jj9UTztislL4KSBs9R2vV5Y=
golang.org/x/sys v0.0.0-20201119102817-f84b799fce68/go.mod h1:h1NjWce9XRLGQEsW7wpKNCjG9DtNlClVuFLEZdDNbEs=
golang.org/x/sys v0.0.0-20210423082822-04245dca01da/go.mod h1:h1NjWce9XRLGQEsW7wpKNCjG9DtNlClVuFLEZdDNbEs=
golang.org/x/term v0.0.0-20201126162022-7de9c90e9dd1/go.mod h1:bj7SfCRtBDWHUb9snDiAeCFNEtKQo2Wmx5Cou7ajbmo=
golang.org/x/text v0.3.6/go.mod h1:5Zoc/QRtKVWzQhOtBMvqHzDpF6irO9z98xDceosuGiQ=
golang.org/x/tools v0.0.0-20180917221912-90fa682c2a6e/go.mod h1:n7NCudcB/nEzxVGmLbDWY5pfWTLqBcC2KZ6jyYvM4mQ=
